
Microsoft Visual Studio Solution File, Format Version 12.00
# Visual Studio 2013
VisualStudioVersion = 12.0.40629.0
MinimumVisualStudioVersion = 10.0.40219.1
Project("{8BC9CEB8-8B4A-11D0-8D11-00A0C91BC942}") = "GifGenerator", "GifGenerator\GifGenerator.vcxproj", "{0E87164D-B996-4526-A5A6-E6C9249248E4}"
EndProject
Project("{8BC9CEB8-8B4A-11D0-8D11-00A0C91BC942}") = "Concurrence", "Concurrence\Concurrence.vcxproj", "{C00DFD7A-3897-4682-9640-8D6BF131AE35}"
EndProject
Project("{8BC9CEB8-8B4A-11D0-8D11-00A0C91BC942}") = "wav_sound", "wav_sound\wav_sound.vcxproj", "{0466CAD9-52B6-4F1C-85C7-AD43294B4C93}"
EndProject
Global
	GlobalSection(SolutionConfigurationPlatforms) = preSolution
		Debug|Win32 = Debug|Win32
		Release|Win32 = Release|Win32
	EndGlobalSection
	GlobalSection(ProjectConfigurationPlatforms) = postSolution
		{0E87164D-B996-4526-A5A6-E6C9249248E4}.Debug|Win32.ActiveCfg = Debug|Win32
		{0E87164D-B996-4526-A5A6-E6C9249248E4}.Debug|Win32.Build.0 = Debug|Win32
		{0E87164D-B996-4526-A5A6-E6C9249248E4}.Release|Win32.ActiveCfg = Release|Win32
		{0E87164D-B996-4526-A5A6-E6C9249248E4}.Release|Win32.Build.0 = Release|Win32
		{C00DFD7A-3897-4682-9640-8D6BF131AE35}.Debug|Win32.ActiveCfg = Debug|Win32
		{C00DFD7A-3897-4682-9640-8D6BF131AE35}.Debug|Win32.Build.0 = Debug|Win32
		{C00DFD7A-3897-4682-9640-8D6BF131AE35}.Release|Win32.ActiveCfg = Release|Win32
		{C00DFD7A-3897-4682-9640-8D6BF131AE35}.Release|Win32.Build.0 = Release|Win32
		{0466CAD9-52B6-4F1C-85C7-AD43294B4C93}.Debug|Win32.ActiveCfg = Debug|Win32
		{0466CAD9-52B6-4F1C-85C7-AD43294B4C93}.Debug|Win32.Build.0 = Debug|Win32
		{0466CAD9-52B6-4F1C-85C7-AD43294B4C93}.Release|Win32.ActiveCfg = Release|Win32
		{0466CAD9-52B6-4F1C-85C7-AD43294B4C93}.Release|Win32.Build.0 = Release|Win32
	EndGlobalSection
	GlobalSection(SolutionProperties) = preSolution
		HideSolutionNode = FALSE
	EndGlobalSection
EndGlobal
