<?xml version="1.0" encoding="utf-8"?>
<Project ToolsVersion="4.0" xmlns="http://schemas.microsoft.com/developer/msbuild/2003">
  <ItemGroup>
    <Filter Include="源文件">
      <UniqueIdentifier>{4FC737F1-C7A5-4376-A066-2A32D752A2FF}</UniqueIdentifier>
      <Extensions>cpp;c;cc;cxx;def;odl;idl;hpj;bat;asm;asmx</Extensions>
    </Filter>
    <Filter Include="头文件">
      <UniqueIdentifier>{93995380-89BD-4b04-88EB-625FBE52EBFB}</UniqueIdentifier>
      <Extensions>h;hh;hpp;hxx;hm;inl;inc;xsd</Extensions>
    </Filter>
    <Filter Include="资源文件">
      <UniqueIdentifier>{67DA6AB6-F800-4c08-8B7A-83BB121AAD01}</UniqueIdentifier>
      <Extensions>rc;ico;cur;bmp;dlg;rc2;rct;bin;rgs;gif;jpg;jpeg;jpe;resx;tiff;tif;png;wav;mfcribbon-ms</Extensions>
    </Filter>
  </ItemGroup>
  <ItemGroup>
    <ClInclude Include="AAFilter.h">
      <Filter>头文件</Filter>
    </ClInclude>
    <ClInclude Include="cpu_detect.h">
      <Filter>头文件</Filter>
    </ClInclude>
    <ClInclude Include="FIRFilter.h">
      <Filter>头文件</Filter>
    </ClInclude>
    <ClInclude Include="InterpolateCubic.h">
      <Filter>头文件</Filter>
    </ClInclude>
    <ClInclude Include="InterpolateLinear.h">
      <Filter>头文件</Filter>
    </ClInclude>
    <ClInclude Include="InterpolateShannon.h">
      <Filter>头文件</Filter>
    </ClInclude>
    <ClInclude Include="PeakFinder.h">
      <Filter>头文件</Filter>
    </ClInclude>
    <ClInclude Include="RateTransposer.h">
      <Filter>头文件</Filter>
    </ClInclude>
    <ClInclude Include="TDStretch.h">
      <Filter>头文件</Filter>
    </ClInclude>
    <ClInclude Include="BPMDetect.h">
      <Filter>头文件</Filter>
    </ClInclude>
    <ClInclude Include="FIFOSampleBuffer.h">
      <Filter>头文件</Filter>
    </ClInclude>
    <ClInclude Include="FIFOSamplePipe.h">
      <Filter>头文件</Filter>
    </ClInclude>
    <ClInclude Include="SoundTouch.h">
      <Filter>头文件</Filter>
    </ClInclude>
    <ClInclude Include="STTypes.h">
      <Filter>头文件</Filter>
    </ClInclude>
  </ItemGroup>
  <ItemGroup>
    <ClCompile Include="AAFilter.cpp">
      <Filter>源文件</Filter>
    </ClCompile>
    <ClCompile Include="BPMDetect.cpp">
      <Filter>源文件</Filter>
    </ClCompile>
    <ClCompile Include="cpu_detect_x86.cpp">
      <Filter>源文件</Filter>
    </ClCompile>
    <ClCompile Include="FIFOSampleBuffer.cpp">
      <Filter>源文件</Filter>
    </ClCompile>
    <ClCompile Include="FIRFilter.cpp">
      <Filter>源文件</Filter>
    </ClCompile>
    <ClCompile Include="InterpolateCubic.cpp">
      <Filter>源文件</Filter>
    </ClCompile>
    <ClCompile Include="InterpolateLinear.cpp">
      <Filter>源文件</Filter>
    </ClCompile>
    <ClCompile Include="InterpolateShannon.cpp">
      <Filter>源文件</Filter>
    </ClCompile>
    <ClCompile Include="mmx_optimized.cpp">
      <Filter>源文件</Filter>
    </ClCompile>
    <ClCompile Include="PeakFinder.cpp">
      <Filter>源文件</Filter>
    </ClCompile>
    <ClCompile Include="RateTransposer.cpp">
      <Filter>源文件</Filter>
    </ClCompile>
    <ClCompile Include="SoundTouch.cpp">
      <Filter>源文件</Filter>
    </ClCompile>
    <ClCompile Include="sse_optimized.cpp">
      <Filter>源文件</Filter>
    </ClCompile>
    <ClCompile Include="TDStretch.cpp">
      <Filter>源文件</Filter>
    </ClCompile>
  </ItemGroup>
</Project>